
Microsoft Visual Studio Solution File, Format Version 12.00
# Visual Studio Version 16
VisualStudioVersion = 16.0.31702.278
MinimumVisualStudioVersion = 10.0.40219.1
Project("{FAE04EC0-301F-11D3-BF4B-00C04F79EFBC}") = "NguyenThiThuTrang", "NguyenThiThuTrang\NguyenThiThuTrang.csproj", "{A28CFE8D-135B-4536-A6D6-43F675E75ADD}"
EndProject
Global
	GlobalSection(SolutionConfigurationPlatforms) = preSolution
		Debug|Any CPU = Debug|Any CPU
		Release|Any CPU = Release|Any CPU
	EndGlobalSection
	GlobalSection(ProjectConfigurationPlatforms) = postSolution
		{A28CFE8D-135B-4536-A6D6-43F675E75ADD}.Debug|Any CPU.ActiveCfg = Debug|Any CPU
		{A28CFE8D-135B-4536-A6D6-43F675E75ADD}.Debug|Any CPU.Build.0 = Debug|Any CPU
		{A28CFE8D-135B-4536-A6D6-43F675E75ADD}.Release|Any CPU.ActiveCfg = Release|Any CPU
		{A28CFE8D-135B-4536-A6D6-43F675E75ADD}.Release|Any CPU.Build.0 = Release|Any CPU
	EndGlobalSection
	GlobalSection(SolutionProperties) = preSolution
		HideSolutionNode = FALSE
	EndGlobalSection
	GlobalSection(ExtensibilityGlobals) = postSolution
		SolutionGuid = {C44921A3-F74E-4DC4-AF29-BDE6041ED587}
	EndGlobalSection
EndGlobal
